
Microsoft Visual Studio Solution File, Format Version 12.00
Project("{FAE04EC0-301F-11D3-BF4B-00C04F79EFBC}") = "BurnOutAdmin", "BurnOutAdmin\BurnOutAdmin.csproj", "{8ECB30FC-E6CE-4C9F-A7D5-7F68709F6234}"
EndProject
Global
	GlobalSection(SolutionConfigurationPlatforms) = preSolution
		Debug|Any CPU = Debug|Any CPU
		Release|Any CPU = Release|Any CPU
	EndGlobalSection
	GlobalSection(ProjectConfigurationPlatforms) = postSolution
		{8ECB30FC-E6CE-4C9F-A7D5-7F68709F6234}.Debug|Any CPU.ActiveCfg = Debug|Any CPU
		{8ECB30FC-E6CE-4C9F-A7D5-7F68709F6234}.Debug|Any CPU.Build.0 = Debug|Any CPU
		{8ECB30FC-E6CE-4C9F-A7D5-7F68709F6234}.Release|Any CPU.ActiveCfg = Release|Any CPU
		{8ECB30FC-E6CE-4C9F-A7D5-7F68709F6234}.Release|Any CPU.Build.0 = Release|Any CPU
	EndGlobalSection
EndGlobal
